
Microsoft Visual Studio Solution File, Format Version 12.00
# Visual Studio Version 17
VisualStudioVersion = 17.0.31912.275
MinimumVisualStudioVersion = 10.0.40219.1
Project("{FAE04EC0-301F-11D3-BF4B-00C04F79EFBC}") = "ContactTracing", "ContactTracing\ContactTracing.csproj", "{9FD19CFF-D5C6-4A4A-B1FA-469B2C5A3E97}"
EndProject
Global
	GlobalSection(SolutionConfigurationPlatforms) = preSolution
		Debug|Any CPU = Debug|Any CPU
		Release|Any CPU = Release|Any CPU
	EndGlobalSection
	GlobalSection(ProjectConfigurationPlatforms) = postSolution
		{9FD19CFF-D5C6-4A4A-B1FA-469B2C5A3E97}.Debug|Any CPU.ActiveCfg = Debug|Any CPU
		{9FD19CFF-D5C6-4A4A-B1FA-469B2C5A3E97}.Debug|Any CPU.Build.0 = Debug|Any CPU
		{9FD19CFF-D5C6-4A4A-B1FA-469B2C5A3E97}.Release|Any CPU.ActiveCfg = Release|Any CPU
		{9FD19CFF-D5C6-4A4A-B1FA-469B2C5A3E97}.Release|Any CPU.Build.0 = Release|Any CPU
	EndGlobalSection
	GlobalSection(SolutionProperties) = preSolution
		HideSolutionNode = FALSE
	EndGlobalSection
	GlobalSection(ExtensibilityGlobals) = postSolution
		SolutionGuid = {BF3025FC-EBBC-4BBD-9131-1F217A8A8001}
	EndGlobalSection
EndGlobal
